
Microsoft Visual Studio Solution File, Format Version 12.00
# Visual Studio 15
VisualStudioVersion = 15.0.27130.2027
MinimumVisualStudioVersion = 10.0.40219.1
Project("{FAE04EC0-301F-11D3-BF4B-00C04F79EFBC}") = "eli mubu", "eli mubu\eli mubu.csproj", "{4A1CFE7B-7800-48CA-AE59-0CE8845F7A57}"
EndProject
Global
	GlobalSection(SolutionConfigurationPlatforms) = preSolution
		Debug|Any CPU = Debug|Any CPU
		Release|Any CPU = Release|Any CPU
	EndGlobalSection
	GlobalSection(ProjectConfigurationPlatforms) = postSolution
		{4A1CFE7B-7800-48CA-AE59-0CE8845F7A57}.Debug|Any CPU.ActiveCfg = Debug|Any CPU
		{4A1CFE7B-7800-48CA-AE59-0CE8845F7A57}.Debug|Any CPU.Build.0 = Debug|Any CPU
		{4A1CFE7B-7800-48CA-AE59-0CE8845F7A57}.Release|Any CPU.ActiveCfg = Release|Any CPU
		{4A1CFE7B-7800-48CA-AE59-0CE8845F7A57}.Release|Any CPU.Build.0 = Release|Any CPU
	EndGlobalSection
	GlobalSection(SolutionProperties) = preSolution
		HideSolutionNode = FALSE
	EndGlobalSection
	GlobalSection(ExtensibilityGlobals) = postSolution
		SolutionGuid = {4CA7D334-B390-400F-9E81-DE07F722AD50}
	EndGlobalSection
EndGlobal
